// !$*UTF8*$!
{
	archiveVersion = 1;
	classes = {
	};
	objectVersion = 46;
	objects = {

/* Begin PBXBuildFile section */
		6A19776D14CB7E5400DB6AD9 /* Default-Landscape~ipad.png in Resources */ = {isa = PBXBuildFile; fileRef = 6A19776C14CB7E5400DB6AD9 /* Default-Landscape~ipad.png */; };
		6A19777014CB805B00DB6AD9 /* Default-Portrait~ipad.png in Resources */ = {isa = PBXBuildFile; fileRef = 6A19776F14CB805B00DB6AD9 /* Default-Portrait~ipad.png */; };
		6A56E02814CA475000F3F8BB /* Foundation.framework in Frameworks */ = {isa = PBXBuildFile; fileRef = 6A56E02714CA475000F3F8BB /* Foundation.framework */; };
		6A56E02A14CA475000F3F8BB /* UIKit.framework in Frameworks */ = {isa = PBXBuildFile; fileRef = 6A56E02914CA475000F3F8BB /* UIKit.framework */; };
		6A56E02C14CA475000F3F8BB /* CoreGraphics.framework in Frameworks */ = {isa = PBXBuildFile; fileRef = 6A56E02B14CA475000F3F8BB /* CoreGraphics.framework */; };
		6A56E02E14CA475000F3F8BB /* AddressBook.framework in Frameworks */ = {isa = PBXBuildFile; fileRef = 6A56E02D14CA475000F3F8BB /* AddressBook.framework */; };
		6A56E03014CA475000F3F8BB /* AddressBookUI.framework in Frameworks */ = {isa = PBXBuildFile; fileRef = 6A56E02F14CA475000F3F8BB /* AddressBookUI.framework */; };
		6A56E03214CA475000F3F8BB /* AudioToolbox.framework in Frameworks */ = {isa = PBXBuildFile; fileRef = 6A56E03114CA475000F3F8BB /* AudioToolbox.framework */; };
		6A56E03414CA475000F3F8BB /* AVFoundation.framework in Frameworks */ = {isa = PBXBuildFile; fileRef = 6A56E03314CA475000F3F8BB /* AVFoundation.framework */; };
		6A56E03614CA475000F3F8BB /* CoreLocation.framework in Frameworks */ = {isa = PBXBuildFile; fileRef = 6A56E03514CA475000F3F8BB /* CoreLocation.framework */; };
		6A56E03814CA475000F3F8BB /* MediaPlayer.framework in Frameworks */ = {isa = PBXBuildFile; fileRef = 6A56E03714CA475000F3F8BB /* MediaPlayer.framework */; };
		6A56E03A14CA475000F3F8BB /* QuartzCore.framework in Frameworks */ = {isa = PBXBuildFile; fileRef = 6A56E03914CA475000F3F8BB /* QuartzCore.framework */; };
		6A56E03C14CA475000F3F8BB /* SystemConfiguration.framework in Frameworks */ = {isa = PBXBuildFile; fileRef = 6A56E03B14CA475000F3F8BB /* SystemConfiguration.framework */; };
		6A56E03E14CA475000F3F8BB /* MobileCoreServices.framework in Frameworks */ = {isa = PBXBuildFile; fileRef = 6A56E03D14CA475000F3F8BB /* MobileCoreServices.framework */; };
		6A56E04014CA475000F3F8BB /* CoreMedia.framework in Frameworks */ = {isa = PBXBuildFile; fileRef = 6A56E03F14CA475000F3F8BB /* CoreMedia.framework */; };
		6A56E04614CA475000F3F8BB /* InfoPlist.strings in Resources */ = {isa = PBXBuildFile; fileRef = 6A56E04414CA475000F3F8BB /* InfoPlist.strings */; };
		6A56E04814CA475000F3F8BB /* main.m in Sources */ = {isa = PBXBuildFile; fileRef = 6A56E04714CA475000F3F8BB /* main.m */; };
		6A56E04B14CA475000F3F8BB /* PhoneGap.framework in Frameworks */ = {isa = PBXBuildFile; fileRef = 6A56E04A14CA475000F3F8BB /* PhoneGap.framework */; };
		6A56E05014CA475000F3F8BB /* Localizable.strings in Resources */ = {isa = PBXBuildFile; fileRef = 6A56E04E14CA475000F3F8BB /* Localizable.strings */; };
		6A56E05414CA475000F3F8BB /* Localizable.strings in Resources */ = {isa = PBXBuildFile; fileRef = 6A56E05214CA475000F3F8BB /* Localizable.strings */; };
		6A56E05714CA475000F3F8BB /* icon.png in Resources */ = {isa = PBXBuildFile; fileRef = 6A56E05614CA475000F3F8BB /* icon.png */; };
		6A56E05914CA475000F3F8BB /* icon@2x.png in Resources */ = {isa = PBXBuildFile; fileRef = 6A56E05814CA475000F3F8BB /* icon@2x.png */; };
		6A56E05B14CA475000F3F8BB /* icon-72.png in Resources */ = {isa = PBXBuildFile; fileRef = 6A56E05A14CA475000F3F8BB /* icon-72.png */; };
		6A56E05E14CA475000F3F8BB /* Default.png in Resources */ = {isa = PBXBuildFile; fileRef = 6A56E05D14CA475000F3F8BB /* Default.png */; };
		6A56E06014CA475000F3F8BB /* Default@2x.png in Resources */ = {isa = PBXBuildFile; fileRef = 6A56E05F14CA475000F3F8BB /* Default@2x.png */; };
		6A56E06214CA475100F3F8BB /* Capture.bundle in Resources */ = {isa = PBXBuildFile; fileRef = 6A56E06114CA475100F3F8BB /* Capture.bundle */; };
		6A56E06414CA475100F3F8BB /* PhoneGap.plist in Resources */ = {isa = PBXBuildFile; fileRef = 6A56E06314CA475100F3F8BB /* PhoneGap.plist */; };
		6A56E06814CA475100F3F8BB /* AppDelegate.m in Sources */ = {isa = PBXBuildFile; fileRef = 6A56E06714CA475100F3F8BB /* AppDelegate.m */; };
		6AC0324614CE6DB4001F06EF /* clipboardPlugin.js in Sources */ = {isa = PBXBuildFile; fileRef = 6AC0324314CE6DB4001F06EF /* clipboardPlugin.js */; };
		6AC0324714CE6DB4001F06EF /* ClipboardPlugin.m in Sources */ = {isa = PBXBuildFile; fileRef = 6AC0324414CE6DB4001F06EF /* ClipboardPlugin.m */; };
		6AC0324814CE6DB4001F06EF /* README.md in Resources */ = {isa = PBXBuildFile; fileRef = 6AC0324514CE6DB4001F06EF /* README.md */; };
		6AC0324A14CE714A001F06EF /* www in Resources */ = {isa = PBXBuildFile; fileRef = 6AC0324914CE714A001F06EF /* www */; };
		6AE9628C14D09D0D0016DF97 /* ChildBrowser.bundle in Resources */ = {isa = PBXBuildFile; fileRef = 6AE9627F14D09D0D0016DF97 /* ChildBrowser.bundle */; };
		6AE9628D14D09D0D0016DF97 /* ChildBrowser.js in Sources */ = {isa = PBXBuildFile; fileRef = 6AE9628014D09D0D0016DF97 /* ChildBrowser.js */; };
		6AE9628E14D09D0D0016DF97 /* ChildBrowserCommand.m in Sources */ = {isa = PBXBuildFile; fileRef = 6AE9628214D09D0D0016DF97 /* ChildBrowserCommand.m */; };
		6AE9628F14D09D0D0016DF97 /* ChildBrowserViewController.m in Sources */ = {isa = PBXBuildFile; fileRef = 6AE9628414D09D0D0016DF97 /* ChildBrowserViewController.m */; };
		6AE9629014D09D0D0016DF97 /* ChildBrowserViewController.xib in Resources */ = {isa = PBXBuildFile; fileRef = 6AE9628514D09D0D0016DF97 /* ChildBrowserViewController.xib */; };
		6AE9629514D09D0D0016DF97 /* README.txt in Resources */ = {isa = PBXBuildFile; fileRef = 6AE9628B14D09D0D0016DF97 /* README.txt */; };
/* End PBXBuildFile section */

/* Begin PBXFileReference section */
		6A19776C14CB7E5400DB6AD9 /* Default-Landscape~ipad.png */ = {isa = PBXFileReference; lastKnownFileType = image.png; path = "Default-Landscape~ipad.png"; sourceTree = "<group>"; };
		6A19776F14CB805B00DB6AD9 /* Default-Portrait~ipad.png */ = {isa = PBXFileReference; lastKnownFileType = image.png; path = "Default-Portrait~ipad.png"; sourceTree = "<group>"; };
		6A56E02314CA475000F3F8BB /* GreekInterlinearBible.app */ = {isa = PBXFileReference; explicitFileType = wrapper.application; includeInIndex = 0; path = GreekInterlinearBible.app; sourceTree = BUILT_PRODUCTS_DIR; };
		6A56E02714CA475000F3F8BB /* Foundation.framework */ = {isa = PBXFileReference; lastKnownFileType = wrapper.framework; name = Foundation.framework; path = System/Library/Frameworks/Foundation.framework; sourceTree = SDKROOT; };
		6A56E02914CA475000F3F8BB /* UIKit.framework */ = {isa = PBXFileReference; lastKnownFileType = wrapper.framework; name = UIKit.framework; path = System/Library/Frameworks/UIKit.framework; sourceTree = SDKROOT; };
		6A56E02B14CA475000F3F8BB /* CoreGraphics.framework */ = {isa = PBXFileReference; lastKnownFileType = wrapper.framework; name = CoreGraphics.framework; path = System/Library/Frameworks/CoreGraphics.framework; sourceTree = SDKROOT; };
		6A56E02D14CA475000F3F8BB /* AddressBook.framework */ = {isa = PBXFileReference; lastKnownFileType = wrapper.framework; name = AddressBook.framework; path = System/Library/Frameworks/AddressBook.framework; sourceTree = SDKROOT; };
		6A56E02F14CA475000F3F8BB /* AddressBookUI.framework */ = {isa = PBXFileReference; lastKnownFileType = wrapper.framework; name = AddressBookUI.framework; path = System/Library/Frameworks/AddressBookUI.framework; sourceTree = SDKROOT; };
		6A56E03114CA475000F3F8BB /* AudioToolbox.framework */ = {isa = PBXFileReference; lastKnownFileType = wrapper.framework; name = AudioToolbox.framework; path = System/Library/Frameworks/AudioToolbox.framework; sourceTree = SDKROOT; };
		6A56E03314CA475000F3F8BB /* AVFoundation.framework */ = {isa = PBXFileReference; lastKnownFileType = wrapper.framework; name = AVFoundation.framework; path = System/Library/Frameworks/AVFoundation.framework; sourceTree = SDKROOT; };
		6A56E03514CA475000F3F8BB /* CoreLocation.framework */ = {isa = PBXFileReference; lastKnownFileType = wrapper.framework; name = CoreLocation.framework; path = System/Library/Frameworks/CoreLocation.framework; sourceTree = SDKROOT; };
		6A56E03714CA475000F3F8BB /* MediaPlayer.framework */ = {isa = PBXFileReference; lastKnownFileType = wrapper.framework; name = MediaPlayer.framework; path = System/Library/Frameworks/MediaPlayer.framework; sourceTree = SDKROOT; };
		6A56E03914CA475000F3F8BB /* QuartzCore.framework */ = {isa = PBXFileReference; lastKnownFileType = wrapper.framework; name = QuartzCore.framework; path = System/Library/Frameworks/QuartzCore.framework; sourceTree = SDKROOT; };
		6A56E03B14CA475000F3F8BB /* SystemConfiguration.framework */ = {isa = PBXFileReference; lastKnownFileType = wrapper.framework; name = SystemConfiguration.framework; path = System/Library/Frameworks/SystemConfiguration.framework; sourceTree = SDKROOT; };
		6A56E03D14CA475000F3F8BB /* MobileCoreServices.framework */ = {isa = PBXFileReference; lastKnownFileType = wrapper.framework; name = MobileCoreServices.framework; path = System/Library/Frameworks/MobileCoreServices.framework; sourceTree = SDKROOT; };
		6A56E03F14CA475000F3F8BB /* CoreMedia.framework */ = {isa = PBXFileReference; lastKnownFileType = wrapper.framework; name = CoreMedia.framework; path = System/Library/Frameworks/CoreMedia.framework; sourceTree = SDKROOT; };
		6A56E04314CA475000F3F8BB /* GreekInterlinearBible-Info.plist */ = {isa = PBXFileReference; lastKnownFileType = text.plist.xml; path = "GreekInterlinearBible-Info.plist"; sourceTree = "<group>"; };
		6A56E04514CA475000F3F8BB /* en */ = {isa = PBXFileReference; lastKnownFileType = text.plist.strings; name = en; path = en.lproj/InfoPlist.strings; sourceTree = "<group>"; };
		6A56E04714CA475000F3F8BB /* main.m */ = {isa = PBXFileReference; lastKnownFileType = sourcecode.c.objc; path = main.m; sourceTree = "<group>"; };
		6A56E04914CA475000F3F8BB /* GreekInterlinearBible-Prefix.pch */ = {isa = PBXFileReference; lastKnownFileType = sourcecode.c.h; path = "GreekInterlinearBible-Prefix.pch"; sourceTree = "<group>"; };
		6A56E04A14CA475000F3F8BB /* PhoneGap.framework */ = {isa = PBXFileReference; lastKnownFileType = wrapper.framework; name = PhoneGap.framework; path = /Users/Shared/PhoneGap/Frameworks/PhoneGap.framework; sourceTree = "<absolute>"; };
		6A56E04F14CA475000F3F8BB /* en */ = {isa = PBXFileReference; lastKnownFileType = text.plist.strings; name = en; path = Resources/en.lproj/Localizable.strings; sourceTree = "<group>"; };
		6A56E05314CA475000F3F8BB /* es */ = {isa = PBXFileReference; lastKnownFileType = text.plist.strings; name = es; path = Resources/es.lproj/Localizable.strings; sourceTree = "<group>"; };
		6A56E05614CA475000F3F8BB /* icon.png */ = {isa = PBXFileReference; lastKnownFileType = image.png; name = icon.png; path = Resources/icons/icon.png; sourceTree = "<group>"; };
		6A56E05814CA475000F3F8BB /* icon@2x.png */ = {isa = PBXFileReference; lastKnownFileType = image.png; name = "icon@2x.png"; path = "Resources/icons/icon@2x.png"; sourceTree = "<group>"; };
		6A56E05A14CA475000F3F8BB /* icon-72.png */ = {isa = PBXFileReference; lastKnownFileType = image.png; name = "icon-72.png"; path = "Resources/icons/icon-72.png"; sourceTree = "<group>"; };
		6A56E05D14CA475000F3F8BB /* Default.png */ = {isa = PBXFileReference; lastKnownFileType = image.png; name = Default.png; path = Resources/splash/Default.png; sourceTree = "<group>"; };
		6A56E05F14CA475000F3F8BB /* Default@2x.png */ = {isa = PBXFileReference; lastKnownFileType = image.png; name = "Default@2x.png"; path = "Resources/splash/Default@2x.png"; sourceTree = "<group>"; };
		6A56E06114CA475100F3F8BB /* Capture.bundle */ = {isa = PBXFileReference; lastKnownFileType = "wrapper.plug-in"; name = Capture.bundle; path = Resources/Capture.bundle; sourceTree = "<group>"; };
		6A56E06314CA475100F3F8BB /* PhoneGap.plist */ = {isa = PBXFileReference; lastKnownFileType = text.plist.xml; path = PhoneGap.plist; sourceTree = "<group>"; };
		6A56E06614CA475100F3F8BB /* AppDelegate.h */ = {isa = PBXFileReference; lastKnownFileType = sourcecode.c.h; name = AppDelegate.h; path = Classes/AppDelegate.h; sourceTree = "<group>"; };
		6A56E06714CA475100F3F8BB /* AppDelegate.m */ = {isa = PBXFileReference; lastKnownFileType = sourcecode.c.objc; name = AppDelegate.m; path = Classes/AppDelegate.m; sourceTree = "<group>"; };
		6A56E06A14CA475100F3F8BB /* README */ = {isa = PBXFileReference; lastKnownFileType = text; name = README; path = Plugins/README; sourceTree = "<group>"; };
		6AC0324214CE6DB4001F06EF /* ClipboardPlugin.h */ = {isa = PBXFileReference; fileEncoding = 4; lastKnownFileType = sourcecode.c.h; path = ClipboardPlugin.h; sourceTree = "<group>"; };
		6AC0324314CE6DB4001F06EF /* clipboardPlugin.js */ = {isa = PBXFileReference; fileEncoding = 4; lastKnownFileType = sourcecode.javascript; path = clipboardPlugin.js; sourceTree = "<group>"; };
		6AC0324414CE6DB4001F06EF /* ClipboardPlugin.m */ = {isa = PBXFileReference; fileEncoding = 4; lastKnownFileType = sourcecode.c.objc; path = ClipboardPlugin.m; sourceTree = "<group>"; };
		6AC0324514CE6DB4001F06EF /* README.md */ = {isa = PBXFileReference; fileEncoding = 4; lastKnownFileType = text; path = README.md; sourceTree = "<group>"; };
		6AC0324914CE714A001F06EF /* www */ = {isa = PBXFileReference; lastKnownFileType = folder; path = www; sourceTree = "<group>"; };
		6AE9627F14D09D0D0016DF97 /* ChildBrowser.bundle */ = {isa = PBXFileReference; lastKnownFileType = "wrapper.plug-in"; path = ChildBrowser.bundle; sourceTree = "<group>"; };
		6AE9628014D09D0D0016DF97 /* ChildBrowser.js */ = {isa = PBXFileReference; fileEncoding = 4; lastKnownFileType = sourcecode.javascript; path = ChildBrowser.js; sourceTree = "<group>"; };
		6AE9628114D09D0D0016DF97 /* ChildBrowserCommand.h */ = {isa = PBXFileReference; fileEncoding = 4; lastKnownFileType = sourcecode.c.h; path = ChildBrowserCommand.h; sourceTree = "<group>"; };
		6AE9628214D09D0D0016DF97 /* ChildBrowserCommand.m */ = {isa = PBXFileReference; fileEncoding = 4; lastKnownFileType = sourcecode.c.objc; path = ChildBrowserCommand.m; sourceTree = "<group>"; };
		6AE9628314D09D0D0016DF97 /* ChildBrowserViewController.h */ = {isa = PBXFileReference; fileEncoding = 4; lastKnownFileType = sourcecode.c.h; path = ChildBrowserViewController.h; sourceTree = "<group>"; };
		6AE9628414D09D0D0016DF97 /* ChildBrowserViewController.m */ = {isa = PBXFileReference; fileEncoding = 4; lastKnownFileType = sourcecode.c.objc; path = ChildBrowserViewController.m; sourceTree = "<group>"; };
		6AE9628514D09D0D0016DF97 /* ChildBrowserViewController.xib */ = {isa = PBXFileReference; fileEncoding = 4; lastKnownFileType = file.xib; path = ChildBrowserViewController.xib; sourceTree = "<group>"; };
		6AE9628B14D09D0D0016DF97 /* README.txt */ = {isa = PBXFileReference; fileEncoding = 4; lastKnownFileType = text; path = README.txt; sourceTree = "<group>"; };
/* End PBXFileReference section */

/* Begin PBXFrameworksBuildPhase section */
		6A56E01D14CA475000F3F8BB /* Frameworks */ = {
			isa = PBXFrameworksBuildPhase;
			buildActionMask = 2147483647;
			files = (
				6A56E02814CA475000F3F8BB /* Foundation.framework in Frameworks */,
				6A56E02A14CA475000F3F8BB /* UIKit.framework in Frameworks */,
				6A56E02C14CA475000F3F8BB /* CoreGraphics.framework in Frameworks */,
				6A56E02E14CA475000F3F8BB /* AddressBook.framework in Frameworks */,
				6A56E03014CA475000F3F8BB /* AddressBookUI.framework in Frameworks */,
				6A56E03214CA475000F3F8BB /* AudioToolbox.framework in Frameworks */,
				6A56E03414CA475000F3F8BB /* AVFoundation.framework in Frameworks */,
				6A56E03614CA475000F3F8BB /* CoreLocation.framework in Frameworks */,
				6A56E03814CA475000F3F8BB /* MediaPlayer.framework in Frameworks */,
				6A56E03A14CA475000F3F8BB /* QuartzCore.framework in Frameworks */,
				6A56E03C14CA475000F3F8BB /* SystemConfiguration.framework in Frameworks */,
				6A56E03E14CA475000F3F8BB /* MobileCoreServices.framework in Frameworks */,
				6A56E04014CA475000F3F8BB /* CoreMedia.framework in Frameworks */,
				6A56E04B14CA475000F3F8BB /* PhoneGap.framework in Frameworks */,
			);
			runOnlyForDeploymentPostprocessing = 0;
		};
		6A56E02014CA475000F3F8BB /* Frameworks */ = {
			isa = PBXFrameworksBuildPhase;
			buildActionMask = 2147483647;
			files = (
			);
			runOnlyForDeploymentPostprocessing = 0;
		};
/* End PBXFrameworksBuildPhase section */

/* Begin PBXGroup section */
		6A56E01514CA474F00F3F8BB = {
			isa = PBXGroup;
			children = (
				6AC0324914CE714A001F06EF /* www */,
				6A19776F14CB805B00DB6AD9 /* Default-Portrait~ipad.png */,
				6A19776C14CB7E5400DB6AD9 /* Default-Landscape~ipad.png */,
				6A56E04114CA475000F3F8BB /* GreekInterlinearBible */,
				6A56E02614CA475000F3F8BB /* Frameworks */,
				6A56E02414CA475000F3F8BB /* Products */,
			);
			sourceTree = "<group>";
		};
		6A56E02414CA475000F3F8BB /* Products */ = {
			isa = PBXGroup;
			children = (
				6A56E02314CA475000F3F8BB /* GreekInterlinearBible.app */,
			);
			name = Products;
			sourceTree = "<group>";
		};
		6A56E02614CA475000F3F8BB /* Frameworks */ = {
			isa = PBXGroup;
			children = (
				6A56E02714CA475000F3F8BB /* Foundation.framework */,
				6A56E02914CA475000F3F8BB /* UIKit.framework */,
				6A56E02B14CA475000F3F8BB /* CoreGraphics.framework */,
				6A56E02D14CA475000F3F8BB /* AddressBook.framework */,
				6A56E02F14CA475000F3F8BB /* AddressBookUI.framework */,
				6A56E03114CA475000F3F8BB /* AudioToolbox.framework */,
				6A56E03314CA475000F3F8BB /* AVFoundation.framework */,
				6A56E03514CA475000F3F8BB /* CoreLocation.framework */,
				6A56E03714CA475000F3F8BB /* MediaPlayer.framework */,
				6A56E03914CA475000F3F8BB /* QuartzCore.framework */,
				6A56E03B14CA475000F3F8BB /* SystemConfiguration.framework */,
				6A56E03D14CA475000F3F8BB /* MobileCoreServices.framework */,
				6A56E03F14CA475000F3F8BB /* CoreMedia.framework */,
			);
			name = Frameworks;
			sourceTree = "<group>";
		};
		6A56E04114CA475000F3F8BB /* GreekInterlinearBible */ = {
			isa = PBXGroup;
			children = (
				6A56E04A14CA475000F3F8BB /* PhoneGap.framework */,
				6A56E04C14CA475000F3F8BB /* Resources */,
				6A56E06514CA475100F3F8BB /* Classes */,
				6A56E06914CA475100F3F8BB /* Plugins */,
				6A56E04214CA475000F3F8BB /* Supporting Files */,
			);
			path = GreekInterlinearBible;
			sourceTree = "<group>";
		};
		6A56E04214CA475000F3F8BB /* Supporting Files */ = {
			isa = PBXGroup;
			children = (
				6A56E04314CA475000F3F8BB /* GreekInterlinearBible-Info.plist */,
				6A56E04414CA475000F3F8BB /* InfoPlist.strings */,
				6A56E04714CA475000F3F8BB /* main.m */,
				6A56E04914CA475000F3F8BB /* GreekInterlinearBible-Prefix.pch */,
				6A56E06314CA475100F3F8BB /* PhoneGap.plist */,
			);
			name = "Supporting Files";
			sourceTree = "<group>";
		};
		6A56E04C14CA475000F3F8BB /* Resources */ = {
			isa = PBXGroup;
			children = (
				6A56E06114CA475100F3F8BB /* Capture.bundle */,
				6A56E04D14CA475000F3F8BB /* en.lproj */,
				6A56E05114CA475000F3F8BB /* es.lproj */,
				6A56E05514CA475000F3F8BB /* icons */,
				6A56E05C14CA475000F3F8BB /* splash */,
			);
			name = Resources;
			sourceTree = "<group>";
		};
		6A56E04D14CA475000F3F8BB /* en.lproj */ = {
			isa = PBXGroup;
			children = (
				6A56E04E14CA475000F3F8BB /* Localizable.strings */,
			);
			name = en.lproj;
			sourceTree = "<group>";
		};
		6A56E05114CA475000F3F8BB /* es.lproj */ = {
			isa = PBXGroup;
			children = (
				6A56E05214CA475000F3F8BB /* Localizable.strings */,
			);
			name = es.lproj;
			sourceTree = "<group>";
		};
		6A56E05514CA475000F3F8BB /* icons */ = {
			isa = PBXGroup;
			children = (
				6A56E05614CA475000F3F8BB /* icon.png */,
				6A56E05814CA475000F3F8BB /* icon@2x.png */,
				6A56E05A14CA475000F3F8BB /* icon-72.png */,
			);
			name = icons;
			sourceTree = "<group>";
		};
		6A56E05C14CA475000F3F8BB /* splash */ = {
			isa = PBXGroup;
			children = (
				6A56E05D14CA475000F3F8BB /* Default.png */,
				6A56E05F14CA475000F3F8BB /* Default@2x.png */,
			);
			name = splash;
			sourceTree = "<group>";
		};
		6A56E06514CA475100F3F8BB /* Classes */ = {
			isa = PBXGroup;
			children = (
				6A56E06614CA475100F3F8BB /* AppDelegate.h */,
				6A56E06714CA475100F3F8BB /* AppDelegate.m */,
			);
			name = Classes;
			sourceTree = "<group>";
		};
		6A56E06914CA475100F3F8BB /* Plugins */ = {
			isa = PBXGroup;
			children = (
				6AE9627E14D09D0D0016DF97 /* ChildBrowser */,
				6AC0324114CE6DB4001F06EF /* ClipboardPlugin */,
				6A56E06A14CA475100F3F8BB /* README */,
			);
			name = Plugins;
			sourceTree = "<group>";
		};
		6AC0324114CE6DB4001F06EF /* ClipboardPlugin */ = {
			isa = PBXGroup;
			children = (
				6AC0324214CE6DB4001F06EF /* ClipboardPlugin.h */,
				6AC0324314CE6DB4001F06EF /* clipboardPlugin.js */,
				6AC0324414CE6DB4001F06EF /* ClipboardPlugin.m */,
				6AC0324514CE6DB4001F06EF /* README.md */,
			);
			path = ClipboardPlugin;
			sourceTree = "<group>";
		};
		6AE9627E14D09D0D0016DF97 /* ChildBrowser */ = {
			isa = PBXGroup;
			children = (
				6AE9627F14D09D0D0016DF97 /* ChildBrowser.bundle */,
				6AE9628014D09D0D0016DF97 /* ChildBrowser.js */,
				6AE9628114D09D0D0016DF97 /* ChildBrowserCommand.h */,
				6AE9628214D09D0D0016DF97 /* ChildBrowserCommand.m */,
				6AE9628314D09D0D0016DF97 /* ChildBrowserViewController.h */,
				6AE9628414D09D0D0016DF97 /* ChildBrowserViewController.m */,
				6AE9628514D09D0D0016DF97 /* ChildBrowserViewController.xib */,
				6AE9628B14D09D0D0016DF97 /* README.txt */,
			);
			path = ChildBrowser;
			sourceTree = "<group>";
		};
/* End PBXGroup section */

/* Begin PBXNativeTarget section */
		6A56E02214CA475000F3F8BB /* GreekInterlinearBible */ = {
			isa = PBXNativeTarget;
			buildConfigurationList = 6A56E06D14CA475100F3F8BB /* Build configuration list for PBXNativeTarget "GreekInterlinearBible" */;
			buildPhases = (
				6A56E01C14CA475000F3F8BB /* Sources */,
				6A56E01D14CA475000F3F8BB /* Frameworks */,
				6A56E01E14CA475000F3F8BB /* Resources */,
				6A56E01F14CA475000F3F8BB /* Sources */,
				6A56E02014CA475000F3F8BB /* Frameworks */,
				6A56E02114CA475000F3F8BB /* ShellScript */,
			);
			buildRules = (
			);
			dependencies = (
			);
			name = GreekInterlinearBible;
			productName = GreekInterlinearBible;
			productReference = 6A56E02314CA475000F3F8BB /* GreekInterlinearBible.app */;
			productType = "com.apple.product-type.application";
		};
/* End PBXNativeTarget section */

/* Begin PBXProject section */
		6A56E01714CA474F00F3F8BB /* Project object */ = {
			isa = PBXProject;
			attributes = {
				LastUpgradeCheck = 0420;
				ORGANIZATIONNAME = "photoKandy Studios LLC";
			};
			buildConfigurationList = 6A56E01A14CA474F00F3F8BB /* Build configuration list for PBXProject "GreekInterlinearBible" */;
			compatibilityVersion = "Xcode 3.2";
			developmentRegion = English;
			hasScannedForEncodings = 0;
			knownRegions = (
				en,
				es,
			);
			mainGroup = 6A56E01514CA474F00F3F8BB;
			productRefGroup = 6A56E02414CA475000F3F8BB /* Products */;
			projectDirPath = "";
			projectRoot = "";
			targets = (
				6A56E02214CA475000F3F8BB /* GreekInterlinearBible */,
			);
		};
/* End PBXProject section */

/* Begin PBXResourcesBuildPhase section */
		6A56E01E14CA475000F3F8BB /* Resources */ = {
			isa = PBXResourcesBuildPhase;
			buildActionMask = 2147483647;
			files = (
				6A56E04614CA475000F3F8BB /* InfoPlist.strings in Resources */,
				6A56E05014CA475000F3F8BB /* Localizable.strings in Resources */,
				6A56E05414CA475000F3F8BB /* Localizable.strings in Resources */,
				6A56E05714CA475000F3F8BB /* icon.png in Resources */,
				6A56E05914CA475000F3F8BB /* icon@2x.png in Resources */,
				6A56E05B14CA475000F3F8BB /* icon-72.png in Resources */,
				6A56E05E14CA475000F3F8BB /* Default.png in Resources */,
				6A56E06014CA475000F3F8BB /* Default@2x.png in Resources */,
				6A56E06214CA475100F3F8BB /* Capture.bundle in Resources */,
				6A56E06414CA475100F3F8BB /* PhoneGap.plist in Resources */,
				6A19776D14CB7E5400DB6AD9 /* Default-Landscape~ipad.png in Resources */,
				6A19777014CB805B00DB6AD9 /* Default-Portrait~ipad.png in Resources */,
				6AC0324814CE6DB4001F06EF /* README.md in Resources */,
				6AC0324A14CE714A001F06EF /* www in Resources */,
				6AE9628C14D09D0D0016DF97 /* ChildBrowser.bundle in Resources */,
				6AE9629014D09D0D0016DF97 /* ChildBrowserViewController.xib in Resources */,
				6AE9629514D09D0D0016DF97 /* README.txt in Resources */,
			);
			runOnlyForDeploymentPostprocessing = 0;
		};
/* End PBXResourcesBuildPhase section */

/* Begin PBXShellScriptBuildPhase section */
		6A56E02114CA475000F3F8BB /* ShellScript */ = {
			isa = PBXShellScriptBuildPhase;
			buildActionMask = 2147483647;
			files = (
			);
			inputPaths = (
			);
			outputPaths = (
			);
			runOnlyForDeploymentPostprocessing = 0;
			shellPath = /bin/bash;
			shellScript = "\n\t\t\t\t\t\t\t\tif [ ! -d \"$PROJECT_DIR/www\" ] ; then\n\t\t\t\t\t\t\t\t\tcp -R /Users/Shared/PhoneGap/Frameworks/PhoneGap.framework/www \"$PROJECT_DIR\"\n\t\t\t\t\t\t\t\tfi\n\t\t\t\t\t\t\t\t# detect www folder reference in project, if missing, print warning\n\t\t\t\t\t\t\t\tgrep \"{isa = PBXFileReference; lastKnownFileType = folder; path = www; sourceTree = \\\"<group>\\\"; };\" \"$PROJECT_DIR/$PROJECT_NAME.xcodeproj/project.pbxproj\"\n\t\t\t\t\t\t\t\trc=$? \n\t\t\t\t\t\t\t\tif [ $rc != 0 ] ; then\n\t\t\t\t\t\t\t\techo -e \"warning: Missing - Add $PROJECT_DIR/www as a folder reference in your project. Just drag and drop the folder into your project, into the Project Navigator of Xcode 4. Make sure you select the second radio-button: 'Create folder references for any added folders' (which will create a blue folder)\" 1>&2\n\t\t\t\t\t\t\t\tfi\t\t\t\t\t\t\t";
		};
/* End PBXShellScriptBuildPhase section */

/* Begin PBXSourcesBuildPhase section */
		6A56E01C14CA475000F3F8BB /* Sources */ = {
			isa = PBXSourcesBuildPhase;
			buildActionMask = 2147483647;
			files = (
				6A56E04814CA475000F3F8BB /* main.m in Sources */,
				6A56E06814CA475100F3F8BB /* AppDelegate.m in Sources */,
				6AC0324614CE6DB4001F06EF /* clipboardPlugin.js in Sources */,
				6AC0324714CE6DB4001F06EF /* ClipboardPlugin.m in Sources */,
				6AE9628D14D09D0D0016DF97 /* ChildBrowser.js in Sources */,
				6AE9628E14D09D0D0016DF97 /* ChildBrowserCommand.m in Sources */,
				6AE9628F14D09D0D0016DF97 /* ChildBrowserViewController.m in Sources */,
			);
			runOnlyForDeploymentPostprocessing = 0;
		};
		6A56E01F14CA475000F3F8BB /* Sources */ = {
			isa = PBXSourcesBuildPhase;
			buildActionMask = 2147483647;
			files = (
			);
			runOnlyForDeploymentPostprocessing = 0;
		};
/* End PBXSourcesBuildPhase section */

/* Begin PBXVariantGroup section */
		6A56E04414CA475000F3F8BB /* InfoPlist.strings */ = {
			isa = PBXVariantGroup;
			children = (
				6A56E04514CA475000F3F8BB /* en */,
			);
			name = InfoPlist.strings;
			sourceTree = "<group>";
		};
		6A56E04E14CA475000F3F8BB /* Localizable.strings */ = {
			isa = PBXVariantGroup;
			children = (
				6A56E04F14CA475000F3F8BB /* en */,
			);
			name = Localizable.strings;
			sourceTree = "<group>";
		};
		6A56E05214CA475000F3F8BB /* Localizable.strings */ = {
			isa = PBXVariantGroup;
			children = (
				6A56E05314CA475000F3F8BB /* es */,
			);
			name = Localizable.strings;
			sourceTree = "<group>";
		};
/* End PBXVariantGroup section */

/* Begin XCBuildConfiguration section */
		6A56E06B14CA475100F3F8BB /* Debug */ = {
			isa = XCBuildConfiguration;
			buildSettings = {
				ALWAYS_SEARCH_USER_PATHS = NO;
				ARCHS = "$(ARCHS_STANDARD_32_BIT)";
				CLANG_ENABLE_OBJC_ARC = YES;
				"CODE_SIGN_IDENTITY[sdk=iphoneos*]" = "iPhone Developer";
				COPY_PHASE_STRIP = NO;
				GCC_C_LANGUAGE_STANDARD = gnu99;
				GCC_DYNAMIC_NO_PIC = NO;
				GCC_OPTIMIZATION_LEVEL = 0;
				GCC_PREPROCESSOR_DEFINITIONS = (
					"DEBUG=1",
					"$(inherited)",
				);
				GCC_SYMBOLS_PRIVATE_EXTERN = NO;
				GCC_VERSION = com.apple.compilers.llvmgcc42;
				GCC_WARN_ABOUT_MISSING_PROTOTYPES = YES;
				GCC_WARN_ABOUT_RETURN_TYPE = YES;
				GCC_WARN_UNUSED_VARIABLE = YES;
				IPHONEOS_DEPLOYMENT_TARGET = 3.0;
				SDKROOT = iphoneos;
			};
			name = Debug;
		};
		6A56E06C14CA475100F3F8BB /* Release */ = {
			isa = XCBuildConfiguration;
			buildSettings = {
				ALWAYS_SEARCH_USER_PATHS = NO;
				ARCHS = "$(ARCHS_STANDARD_32_BIT)";
				CLANG_ENABLE_OBJC_ARC = YES;
				"CODE_SIGN_IDENTITY[sdk=iphoneos*]" = "iPhone Developer";
				COPY_PHASE_STRIP = YES;
				GCC_C_LANGUAGE_STANDARD = gnu99;
				GCC_VERSION = com.apple.compilers.llvmgcc42;
				GCC_WARN_ABOUT_MISSING_PROTOTYPES = YES;
				GCC_WARN_ABOUT_RETURN_TYPE = YES;
				GCC_WARN_UNUSED_VARIABLE = YES;
				IPHONEOS_DEPLOYMENT_TARGET = 3.0;
				SDKROOT = iphoneos;
				VALIDATE_PRODUCT = YES;
			};
			name = Release;
		};
		6A56E06E14CA475100F3F8BB /* Debug */ = {
			isa = XCBuildConfiguration;
			buildSettings = {
				ALWAYS_SEARCH_USER_PATHS = YES;
				COPY_PHASE_STRIP = NO;
				FRAMEWORK_SEARCH_PATHS = /Users/Shared/PhoneGap/Frameworks;
				GCC_DYNAMIC_NO_PIC = NO;
				GCC_PRECOMPILE_PREFIX_HEADER = YES;
				GCC_PREFIX_HEADER = "GreekInterlinearBible/GreekInterlinearBible-Prefix.pch";
				GCC_PREPROCESSOR_DEFINITIONS = "PHONEGAP_FRAMEWORK=YES";
				INFOPLIST_FILE = "GreekInterlinearBible/GreekInterlinearBible-Info.plist";
				OTHER_LDFLAGS = (
					"-weak_framework",
					UIKit,
					"-weak_framework",
					AVFoundation,
					"-weak_framework",
					CoreMedia,
					"-weak_library",
					/usr/lib/libSystem.B.dylib,
				);
				PRODUCT_NAME = "$(TARGET_NAME)";
				TARGETED_DEVICE_FAMILY = "1,2";
				WRAPPER_EXTENSION = app;
			};
			name = Debug;
		};
		6A56E06F14CA475100F3F8BB /* Release */ = {
			isa = XCBuildConfiguration;
			buildSettings = {
				ALWAYS_SEARCH_USER_PATHS = YES;
				COPY_PHASE_STRIP = YES;
				DEBUG_INFORMATION_FORMAT = "dwarf-with-dsym";
				FRAMEWORK_SEARCH_PATHS = /Users/Shared/PhoneGap/Frameworks;
				GCC_PRECOMPILE_PREFIX_HEADER = YES;
				GCC_PREFIX_HEADER = "GreekInterlinearBible/GreekInterlinearBible-Prefix.pch";
				GCC_PREPROCESSOR_DEFINITIONS = "PHONEGAP_FRAMEWORK=YES";
				INFOPLIST_FILE = "GreekInterlinearBible/GreekInterlinearBible-Info.plist";
				OTHER_LDFLAGS = (
					"-weak_framework",
					UIKit,
					"-weak_framework",
					AVFoundation,
					"-weak_framework",
					CoreMedia,
					"-weak_library",
					/usr/lib/libSystem.B.dylib,
				);
				PRODUCT_NAME = "$(TARGET_NAME)";
				TARGETED_DEVICE_FAMILY = "1,2";
				VALIDATE_PRODUCT = YES;
				WRAPPER_EXTENSION = app;
			};
			name = Release;
		};
/* End XCBuildConfiguration section */

/* Begin XCConfigurationList section */
		6A56E01A14CA474F00F3F8BB /* Build configuration list for PBXProject "GreekInterlinearBible" */ = {
			isa = XCConfigurationList;
			buildConfigurations = (
				6A56E06B14CA475100F3F8BB /* Debug */,
				6A56E06C14CA475100F3F8BB /* Release */,
			);
			defaultConfigurationIsVisible = 0;
			defaultConfigurationName = Release;
		};
		6A56E06D14CA475100F3F8BB /* Build configuration list for PBXNativeTarget "GreekInterlinearBible" */ = {
			isa = XCConfigurationList;
			buildConfigurations = (
				6A56E06E14CA475100F3F8BB /* Debug */,
				6A56E06F14CA475100F3F8BB /* Release */,
			);
			defaultConfigurationIsVisible = 0;
			defaultConfigurationName = Release;
		};
/* End XCConfigurationList section */
	};
	rootObject = 6A56E01714CA474F00F3F8BB /* Project object */;
}
